
Microsoft Visual Studio Solution File, Format Version 12.00
# Visual Studio Version 17
VisualStudioVersion = 17.13.35913.81 d17.13
MinimumVisualStudioVersion = 10.0.40219.1
Project("{FAE04EC0-301F-11D3-BF4B-00C04F79EFBC}") = "NoticeAPI", "NoticeAPI\NoticeAPI.csproj", "{4D1291CA-5571-46A4-BBF9-65382AB81FB4}"
EndProject
Global
	GlobalSection(SolutionConfigurationPlatforms) = preSolution
		Debug|Any CPU = Debug|Any CPU
		Release|Any CPU = Release|Any CPU
	EndGlobalSection
	GlobalSection(ProjectConfigurationPlatforms) = postSolution
		{4D1291CA-5571-46A4-BBF9-65382AB81FB4}.Debug|Any CPU.ActiveCfg = Debug|Any CPU
		{4D1291CA-5571-46A4-BBF9-65382AB81FB4}.Debug|Any CPU.Build.0 = Debug|Any CPU
		{4D1291CA-5571-46A4-BBF9-65382AB81FB4}.Release|Any CPU.ActiveCfg = Release|Any CPU
		{4D1291CA-5571-46A4-BBF9-65382AB81FB4}.Release|Any CPU.Build.0 = Release|Any CPU
	EndGlobalSection
	GlobalSection(SolutionProperties) = preSolution
		HideSolutionNode = FALSE
	EndGlobalSection
	GlobalSection(ExtensibilityGlobals) = postSolution
		SolutionGuid = {B0294CF1-77AF-4203-AFD0-2C2D55163B78}
	EndGlobalSection
EndGlobal
